
Microsoft Visual Studio Solution File, Format Version 12.00
# Visual Studio Version 17
VisualStudioVersion = 17.0.31903.59
MinimumVisualStudioVersion = 10.0.40219.1
Project("{FAE04EC0-301F-11D3-BF4B-00C04F79EFBC}") = "Service", "Service\Service.csproj", "{A8519AC0-CDCC-4245-96C4-F04F9F6447F8}"
EndProject
Project("{FAE04EC0-301F-11D3-BF4B-00C04F79EFBC}") = "DataLayer", "DataLayer\DataLayer.csproj", "{B352F398-613B-47B1-B7BE-F0B449935616}"
EndProject
Project("{FAE04EC0-301F-11D3-BF4B-00C04F79EFBC}") = "Control", "Control\Control.csproj", "{58752130-F227-4860-8BAE-B87DBED07B5C}"
EndProject
Project("{FAE04EC0-301F-11D3-BF4B-00C04F79EFBC}") = "Demo", "Demo\Demo.csproj", "{A8A5B856-80F8-4744-B204-0659A5B2DFA9}"
	ProjectSection(ProjectDependencies) = postProject
		{58752130-F227-4860-8BAE-B87DBED07B5C} = {58752130-F227-4860-8BAE-B87DBED07B5C}
	EndProjectSection
EndProject
Global
	GlobalSection(SolutionConfigurationPlatforms) = preSolution
		Debug|Any CPU = Debug|Any CPU
		Release|Any CPU = Release|Any CPU
	EndGlobalSection
	GlobalSection(ProjectConfigurationPlatforms) = postSolution
		{A8519AC0-CDCC-4245-96C4-F04F9F6447F8}.Debug|Any CPU.ActiveCfg = Debug|Any CPU
		{A8519AC0-CDCC-4245-96C4-F04F9F6447F8}.Debug|Any CPU.Build.0 = Debug|Any CPU
		{A8519AC0-CDCC-4245-96C4-F04F9F6447F8}.Release|Any CPU.ActiveCfg = Release|Any CPU
		{A8519AC0-CDCC-4245-96C4-F04F9F6447F8}.Release|Any CPU.Build.0 = Release|Any CPU
		{B352F398-613B-47B1-B7BE-F0B449935616}.Debug|Any CPU.ActiveCfg = Debug|Any CPU
		{B352F398-613B-47B1-B7BE-F0B449935616}.Debug|Any CPU.Build.0 = Debug|Any CPU
		{B352F398-613B-47B1-B7BE-F0B449935616}.Release|Any CPU.ActiveCfg = Release|Any CPU
		{B352F398-613B-47B1-B7BE-F0B449935616}.Release|Any CPU.Build.0 = Release|Any CPU
		{58752130-F227-4860-8BAE-B87DBED07B5C}.Debug|Any CPU.ActiveCfg = Debug|Any CPU
		{58752130-F227-4860-8BAE-B87DBED07B5C}.Debug|Any CPU.Build.0 = Debug|Any CPU
		{58752130-F227-4860-8BAE-B87DBED07B5C}.Release|Any CPU.ActiveCfg = Release|Any CPU
		{58752130-F227-4860-8BAE-B87DBED07B5C}.Release|Any CPU.Build.0 = Release|Any CPU
		{A8A5B856-80F8-4744-B204-0659A5B2DFA9}.Debug|Any CPU.ActiveCfg = Debug|Any CPU
		{A8A5B856-80F8-4744-B204-0659A5B2DFA9}.Debug|Any CPU.Build.0 = Debug|Any CPU
		{A8A5B856-80F8-4744-B204-0659A5B2DFA9}.Release|Any CPU.ActiveCfg = Release|Any CPU
		{A8A5B856-80F8-4744-B204-0659A5B2DFA9}.Release|Any CPU.Build.0 = Release|Any CPU
	EndGlobalSection
	GlobalSection(SolutionProperties) = preSolution
		HideSolutionNode = FALSE
	EndGlobalSection
EndGlobal
